<?xml version="1.0" encoding="utf-8"?>
<Project ToolsVersion="4.0" xmlns="http://schemas.microsoft.com/developer/msbuild/2003">
  <ItemGroup>
    <Filter Include="win32">
      <UniqueIdentifier>{84a8ebd7-7cf0-47f6-b75e-d441df67da40}</UniqueIdentifier>
    </Filter>
    <Filter Include="resource">
      <UniqueIdentifier>{715254bc-d70b-4ec5-bf29-467dd3ace079}</UniqueIdentifier>
    </Filter>
    <Filter Include="src">
      <UniqueIdentifier>{bb6c862e-70e9-49d9-81b7-3829a6f50471}</UniqueIdentifier>
    </Filter>
    <Filter Include="src\Game">
      <UniqueIdentifier>{97194683-4918-4479-8fa5-1fabdb912b11}</UniqueIdentifier>
    </Filter>
    <Filter Include="src\Game\GameScene">
      <UniqueIdentifier>{edc3c2d8-4bb2-46c0-b2fd-5f6202fb6188}</UniqueIdentifier>
    </Filter>
    <Filter Include="src\Game\Model">
      <UniqueIdentifier>{024303fd-08d4-405b-bf20-081ecc6bdb6a}</UniqueIdentifier>
    </Filter>
    <Filter Include="src\Game\Model\Ninja">
      <UniqueIdentifier>{93d87693-d2fc-4a11-9df5-4f625cf576df}</UniqueIdentifier>
    </Filter>
    <Filter Include="src\Resources">
      <UniqueIdentifier>{742827eb-0a2d-47e2-a12d-2514945db222}</UniqueIdentifier>
    </Filter>
  </ItemGroup>
  <ItemGroup>
    <ClCompile Include="main.cpp">
      <Filter>win32</Filter>
    </ClCompile>
    <ClCompile Include="..\Classes\AppDelegate.cpp">
      <Filter>src</Filter>
    </ClCompile>
    <ClCompile Include="..\Classes\HelloWorldScene.cpp">
      <Filter>src</Filter>
    </ClCompile>
    <ClCompile Include="..\Classes\Game\GameScene\GS_Gameplay.cpp">
      <Filter>src\Game\GameScene</Filter>
    </ClCompile>
    <ClCompile Include="..\Classes\Game\Model\Ninja\Ninja.cpp">
      <Filter>src\Game\Model\Ninja</Filter>
    </ClCompile>
    <ClCompile Include="..\Classes\Resource\Resources.cpp">
      <Filter>src\Resources</Filter>
    </ClCompile>
  </ItemGroup>
  <ItemGroup>
    <ClInclude Include="main.h">
      <Filter>win32</Filter>
    </ClInclude>
    <ClInclude Include="..\Classes\AppDelegate.h">
      <Filter>src</Filter>
    </ClInclude>
    <ClInclude Include="..\Classes\HelloWorldScene.h">
      <Filter>src</Filter>
    </ClInclude>
    <ClInclude Include="..\Classes\Define.h">
      <Filter>src</Filter>
    </ClInclude>
    <ClInclude Include="..\Classes\Game\GameScene\GS_Gameplay.h">
      <Filter>src\Game\GameScene</Filter>
    </ClInclude>
    <ClInclude Include="..\Classes\Singleton.h">
      <Filter>src</Filter>
    </ClInclude>
    <ClInclude Include="..\Classes\Game\Model\Ninja\Ninja.h">
      <Filter>src\Game\Model\Ninja</Filter>
    </ClInclude>
    <ClInclude Include="..\Classes\Game\Model\Model.h">
      <Filter>src\Game\Model</Filter>
    </ClInclude>
    <ClInclude Include="..\Classes\Resource\Resources.h">
      <Filter>src\Resources</Filter>
    </ClInclude>
  </ItemGroup>
  <ItemGroup>
    <ResourceCompile Include="game.rc">
      <Filter>resource</Filter>
    </ResourceCompile>
  </ItemGroup>
</Project>